
Microsoft Visual Studio Solution File, Format Version 12.00
# Visual Studio Version 17
VisualStudioVersion = 17.0.32014.148
MinimumVisualStudioVersion = 10.0.40219.1
Project("{FAE04EC0-301F-11D3-BF4B-00C04F79EFBC}") = "TimeTracking-Api", "TimeTracking-Api.csproj", "{8537CB3B-ABEE-414D-839A-96E735A1029B}"
EndProject
Global
	GlobalSection(SolutionConfigurationPlatforms) = preSolution
		Debug|Any CPU = Debug|Any CPU
		Release|Any CPU = Release|Any CPU
	EndGlobalSection
	GlobalSection(ProjectConfigurationPlatforms) = postSolution
		{8537CB3B-ABEE-414D-839A-96E735A1029B}.Debug|Any CPU.ActiveCfg = Debug|Any CPU
		{8537CB3B-ABEE-414D-839A-96E735A1029B}.Debug|Any CPU.Build.0 = Debug|Any CPU
		{8537CB3B-ABEE-414D-839A-96E735A1029B}.Release|Any CPU.ActiveCfg = Release|Any CPU
		{8537CB3B-ABEE-414D-839A-96E735A1029B}.Release|Any CPU.Build.0 = Release|Any CPU
	EndGlobalSection
	GlobalSection(SolutionProperties) = preSolution
		HideSolutionNode = FALSE
	EndGlobalSection
	GlobalSection(ExtensibilityGlobals) = postSolution
		SolutionGuid = {E92CC3B5-23A2-44D1-B1B5-0334FE3DDC45}
	EndGlobalSection
EndGlobal
